// !$*UTF8*$!
{
	archiveVersion = 1;
	classes = {
	};
	objectVersion = 50;
	objects = {

/* Begin PBXBuildFile section */
		B01BC2DC2121648C00437F7E /* AppDelegate.swift in Sources */ = {isa = PBXBuildFile; fileRef = B01BC2DB2121648C00437F7E /* AppDelegate.swift */; };
		B01BC2DE2121648C00437F7E /* TableViewController.swift in Sources */ = {isa = PBXBuildFile; fileRef = B01BC2DD2121648C00437F7E /* TableViewController.swift */; };
		B01BC2E12121648C00437F7E /* Main.storyboard in Resources */ = {isa = PBXBuildFile; fileRef = B01BC2DF2121648C00437F7E /* Main.storyboard */; };
		B01BC2E32121648E00437F7E /* Assets.xcassets in Resources */ = {isa = PBXBuildFile; fileRef = B01BC2E22121648E00437F7E /* Assets.xcassets */; };
		B01BC2E62121648E00437F7E /* LaunchScreen.storyboard in Resources */ = {isa = PBXBuildFile; fileRef = B01BC2E42121648E00437F7E /* LaunchScreen.storyboard */; };
		B01BC2EE21217D3400437F7E /* TableViewCell.swift in Sources */ = {isa = PBXBuildFile; fileRef = B01BC2ED21217D3400437F7E /* TableViewCell.swift */; };
		B01BC2F02121800D00437F7E /* Row.swift in Sources */ = {isa = PBXBuildFile; fileRef = B01BC2EF2121800D00437F7E /* Row.swift */; };
/* End PBXBuildFile section */

/* Begin PBXFileReference section */
		B01BC2D82121648C00437F7E /* ListPoc.app */ = {isa = PBXFileReference; explicitFileType = wrapper.application; includeInIndex = 0; path = ListPoc.app; sourceTree = BUILT_PRODUCTS_DIR; };
		B01BC2DB2121648C00437F7E /* AppDelegate.swift */ = {isa = PBXFileReference; lastKnownFileType = sourcecode.swift; path = AppDelegate.swift; sourceTree = "<group>"; };
		B01BC2DD2121648C00437F7E /* TableViewController.swift */ = {isa = PBXFileReference; lastKnownFileType = sourcecode.swift; path = TableViewController.swift; sourceTree = "<group>"; };
		B01BC2E02121648C00437F7E /* Base */ = {isa = PBXFileReference; lastKnownFileType = file.storyboard; name = Base; path = Base.lproj/Main.storyboard; sourceTree = "<group>"; };
		B01BC2E22121648E00437F7E /* Assets.xcassets */ = {isa = PBXFileReference; lastKnownFileType = folder.assetcatalog; path = Assets.xcassets; sourceTree = "<group>"; };
		B01BC2E52121648E00437F7E /* Base */ = {isa = PBXFileReference; lastKnownFileType = file.storyboard; name = Base; path = Base.lproj/LaunchScreen.storyboard; sourceTree = "<group>"; };
		B01BC2E72121648E00437F7E /* Info.plist */ = {isa = PBXFileReference; lastKnownFileType = text.plist.xml; path = Info.plist; sourceTree = "<group>"; };
		B01BC2ED21217D3400437F7E /* TableViewCell.swift */ = {isa = PBXFileReference; lastKnownFileType = sourcecode.swift; path = TableViewCell.swift; sourceTree = "<group>"; };
		B01BC2EF2121800D00437F7E /* Row.swift */ = {isa = PBXFileReference; lastKnownFileType = sourcecode.swift; path = Row.swift; sourceTree = "<group>"; };
/* End PBXFileReference section */

/* Begin PBXFrameworksBuildPhase section */
		B01BC2D52121648C00437F7E /* Frameworks */ = {
			isa = PBXFrameworksBuildPhase;
			buildActionMask = 2147483647;
			files = (
			);
			runOnlyForDeploymentPostprocessing = 0;
		};
/* End PBXFrameworksBuildPhase section */

/* Begin PBXGroup section */
		B01BC2CF2121648C00437F7E = {
			isa = PBXGroup;
			children = (
				B01BC2DA2121648C00437F7E /* ListPoc */,
				B01BC2D92121648C00437F7E /* Products */,
			);
			sourceTree = "<group>";
		};
		B01BC2D92121648C00437F7E /* Products */ = {
			isa = PBXGroup;
			children = (
				B01BC2D82121648C00437F7E /* ListPoc.app */,
			);
			name = Products;
			sourceTree = "<group>";
		};
		B01BC2DA2121648C00437F7E /* ListPoc */ = {
			isa = PBXGroup;
			children = (
				B01BC2DB2121648C00437F7E /* AppDelegate.swift */,
				B01BC2DD2121648C00437F7E /* TableViewController.swift */,
				B01BC2ED21217D3400437F7E /* TableViewCell.swift */,
				B01BC2EF2121800D00437F7E /* Row.swift */,
				B01BC2DF2121648C00437F7E /* Main.storyboard */,
				B01BC2E22121648E00437F7E /* Assets.xcassets */,
				B01BC2E42121648E00437F7E /* LaunchScreen.storyboard */,
				B01BC2E72121648E00437F7E /* Info.plist */,
			);
			path = ListPoc;
			sourceTree = "<group>";
		};
/* End PBXGroup section */

/* Begin PBXNativeTarget section */
		B01BC2D72121648C00437F7E /* ListPoc */ = {
			isa = PBXNativeTarget;
			buildConfigurationList = B01BC2EA2121648E00437F7E /* Build configuration list for PBXNativeTarget "ListPoc" */;
			buildPhases = (
				B01BC2D42121648C00437F7E /* Sources */,
				B01BC2D52121648C00437F7E /* Frameworks */,
				B01BC2D62121648C00437F7E /* Resources */,
			);
			buildRules = (
			);
			dependencies = (
			);
			name = ListPoc;
			productName = ListPoc;
			productReference = B01BC2D82121648C00437F7E /* ListPoc.app */;
			productType = "com.apple.product-type.application";
		};
/* End PBXNativeTarget section */

/* Begin PBXProject section */
		B01BC2D02121648C00437F7E /* Project object */ = {
			isa = PBXProject;
			attributes = {
				LastSwiftUpdateCheck = 0940;
				LastUpgradeCheck = 0940;
				ORGANIZATIONNAME = demo;
				TargetAttributes = {
					B01BC2D72121648C00437F7E = {
						CreatedOnToolsVersion = 9.4.1;
					};
				};
			};
			buildConfigurationList = B01BC2D32121648C00437F7E /* Build configuration list for PBXProject "ListPoc" */;
			compatibilityVersion = "Xcode 9.3";
			developmentRegion = en;
			hasScannedForEncodings = 0;
			knownRegions = (
				en,
				Base,
			);
			mainGroup = B01BC2CF2121648C00437F7E;
			productRefGroup = B01BC2D92121648C00437F7E /* Products */;
			projectDirPath = "";
			projectRoot = "";
			targets = (
				B01BC2D72121648C00437F7E /* ListPoc */,
			);
		};
/* End PBXProject section */

/* Begin PBXResourcesBuildPhase section */
		B01BC2D62121648C00437F7E /* Resources */ = {
			isa = PBXResourcesBuildPhase;
			buildActionMask = 2147483647;
			files = (
				B01BC2E12121648C00437F7E /* Main.storyboard in Resources */,
				B01BC2E32121648E00437F7E /* Assets.xcassets in Resources */,
				B01BC2E62121648E00437F7E /* LaunchScreen.storyboard in Resources */,
			);
			runOnlyForDeploymentPostprocessing = 0;
		};
/* End PBXResourcesBuildPhase section */

/* Begin PBXSourcesBuildPhase section */
		B01BC2D42121648C00437F7E /* Sources */ = {
			isa = PBXSourcesBuildPhase;
			buildActionMask = 2147483647;
			files = (
				B01BC2F02121800D00437F7E /* Row.swift in Sources */,
				B01BC2EE21217D3400437F7E /* TableViewCell.swift in Sources */,
				B01BC2DE2121648C00437F7E /* TableViewController.swift in Sources */,
				B01BC2DC2121648C00437F7E /* AppDelegate.swift in Sources */,
			);
			runOnlyForDeploymentPostprocessing = 0;
		};
/* End PBXSourcesBuildPhase section */

/* Begin PBXVariantGroup section */
		B01BC2DF2121648C00437F7E /* Main.storyboard */ = {
			isa = PBXVariantGroup;
			children = (
				B01BC2E02121648C00437F7E /* Base */,
			);
			name = Main.storyboard;
			sourceTree = "<group>";
		};
		B01BC2E42121648E00437F7E /* LaunchScreen.storyboard */ = {
			isa = PBXVariantGroup;
			children = (
				B01BC2E52121648E00437F7E /* Base */,
			);
			name = LaunchScreen.storyboard;
			sourceTree = "<group>";
		};
/* End PBXVariantGroup section */

/* Begin XCBuildConfiguration section */
		B01BC2E82121648E00437F7E /* Debug */ = {
			isa = XCBuildConfiguration;
			buildSettings = {
				ALWAYS_SEARCH_USER_PATHS = NO;
				CLANG_ANALYZER_NONNULL = YES;
				CLANG_ANALYZER_NUMBER_OBJECT_CONVERSION = YES_AGGRESSIVE;
				CLANG_CXX_LANGUAGE_STANDARD = "gnu++14";
				CLANG_CXX_LIBRARY = "libc++";
				CLANG_ENABLE_MODULES = YES;
				CLANG_ENABLE_OBJC_ARC = YES;
				CLANG_ENABLE_OBJC_WEAK = YES;
				CLANG_WARN_BLOCK_CAPTURE_AUTORELEASING = YES;
				CLANG_WARN_BOOL_CONVERSION = YES;
				CLANG_WARN_COMMA = YES;
				CLANG_WARN_CONSTANT_CONVERSION = YES;
				CLANG_WARN_DEPRECATED_OBJC_IMPLEMENTATIONS = YES;
				CLANG_WARN_DIRECT_OBJC_ISA_USAGE = YES_ERROR;
				CLANG_WARN_DOCUMENTATION_COMMENTS = YES;
				CLANG_WARN_EMPTY_BODY = YES;
				CLANG_WARN_ENUM_CONVERSION = YES;
				CLANG_WARN_INFINITE_RECURSION = YES;
				CLANG_WARN_INT_CONVERSION = YES;
				CLANG_WARN_NON_LITERAL_NULL_CONVERSION = YES;
				CLANG_WARN_OBJC_IMPLICIT_RETAIN_SELF = YES;
				CLANG_WARN_OBJC_LITERAL_CONVERSION = YES;
				CLANG_WARN_OBJC_ROOT_CLASS = YES_ERROR;
				CLANG_WARN_RANGE_LOOP_ANALYSIS = YES;
				CLANG_WARN_STRICT_PROTOTYPES = YES;
				CLANG_WARN_SUSPICIOUS_MOVE = YES;
				CLANG_WARN_UNGUARDED_AVAILABILITY = YES_AGGRESSIVE;
				CLANG_WARN_UNREACHABLE_CODE = YES;
				CLANG_WARN__DUPLICATE_METHOD_MATCH = YES;
				CODE_SIGN_IDENTITY = "iPhone Developer";
				COPY_PHASE_STRIP = NO;
				DEBUG_INFORMATION_FORMAT = dwarf;
				ENABLE_STRICT_OBJC_MSGSEND = YES;
				ENABLE_TESTABILITY = YES;
				GCC_C_LANGUAGE_STANDARD = gnu11;
				GCC_DYNAMIC_NO_PIC = NO;
				GCC_NO_COMMON_BLOCKS = YES;
				GCC_OPTIMIZATION_LEVEL = 0;
				GCC_PREPROCESSOR_DEFINITIONS = (
					"DEBUG=1",
					"$(inherited)",
				);
				GCC_WARN_64_TO_32_BIT_CONVERSION = YES;
				GCC_WARN_ABOUT_RETURN_TYPE = YES_ERROR;
				GCC_WARN_UNDECLARED_SELECTOR = YES;
				GCC_WARN_UNINITIALIZED_AUTOS = YES_AGGRESSIVE;
				GCC_WARN_UNUSED_FUNCTION = YES;
				GCC_WARN_UNUSED_VARIABLE = YES;
				IPHONEOS_DEPLOYMENT_TARGET = 11.4;
				MTL_ENABLE_DEBUG_INFO = YES;
				ONLY_ACTIVE_ARCH = YES;
				SDKROOT = iphoneos;
				SWIFT_ACTIVE_COMPILATION_CONDITIONS = DEBUG;
				SWIFT_OPTIMIZATION_LEVEL = "-Onone";
			};
			name = Debug;
		};
		B01BC2E92121648E00437F7E /* Release */ = {
			isa = XCBuildConfiguration;
			buildSettings = {
				ALWAYS_SEARCH_USER_PATHS = NO;
				CLANG_ANALYZER_NONNULL = YES;
				CLANG_ANALYZER_NUMBER_OBJECT_CONVERSION = YES_AGGRESSIVE;
				CLANG_CXX_LANGUAGE_STANDARD = "gnu++14";
				CLANG_CXX_LIBRARY = "libc++";
				CLANG_ENABLE_MODULES = YES;
				CLANG_ENABLE_OBJC_ARC = YES;
				CLANG_ENABLE_OBJC_WEAK = YES;
				CLANG_WARN_BLOCK_CAPTURE_AUTORELEASING = YES;
				CLANG_WARN_BOOL_CONVERSION = YES;
				CLANG_WARN_COMMA = YES;
				CLANG_WARN_CONSTANT_CONVERSION = YES;
				CLANG_WARN_DEPRECATED_OBJC_IMPLEMENTATIONS = YES;
				CLANG_WARN_DIRECT_OBJC_ISA_USAGE = YES_ERROR;
				CLANG_WARN_DOCUMENTATION_COMMENTS = YES;
				CLANG_WARN_EMPTY_BODY = YES;
				CLANG_WARN_ENUM_CONVERSION = YES;
				CLANG_WARN_INFINITE_RECURSION = YES;
				CLANG_WARN_INT_CONVERSION = YES;
				CLANG_WARN_NON_LITERAL_NULL_CONVERSION = YES;
				CLANG_WARN_OBJC_IMPLICIT_RETAIN_SELF = YES;
				CLANG_WARN_OBJC_LITERAL_CONVERSION = YES;
				CLANG_WARN_OBJC_ROOT_CLASS = YES_ERROR;
				CLANG_WARN_RANGE_LOOP_ANALYSIS = YES;
				CLANG_WARN_STRICT_PROTOTYPES = YES;
				CLANG_WARN_SUSPICIOUS_MOVE = YES;
				CLANG_WARN_UNGUARDED_AVAILABILITY = YES_AGGRESSIVE;
				CLANG_WARN_UNREACHABLE_CODE = YES;
				CLANG_WARN__DUPLICATE_METHOD_MATCH = YES;
				CODE_SIGN_IDENTITY = "iPhone Developer";
				COPY_PHASE_STRIP = NO;
				DEBUG_INFORMATION_FORMAT = "dwarf-with-dsym";
				ENABLE_NS_ASSERTIONS = NO;
				ENABLE_STRICT_OBJC_MSGSEND = YES;
				GCC_C_LANGUAGE_STANDARD = gnu11;
				GCC_NO_COMMON_BLOCKS = YES;
				GCC_WARN_64_TO_32_BIT_CONVERSION = YES;
				GCC_WARN_ABOUT_RETURN_TYPE = YES_ERROR;
				GCC_WARN_UNDECLARED_SELECTOR = YES;
				GCC_WARN_UNINITIALIZED_AUTOS = YES_AGGRESSIVE;
				GCC_WARN_UNUSED_FUNCTION = YES;
				GCC_WARN_UNUSED_VARIABLE = YES;
				IPHONEOS_DEPLOYMENT_TARGET = 11.4;
				MTL_ENABLE_DEBUG_INFO = NO;
				SDKROOT = iphoneos;
				SWIFT_COMPILATION_MODE = wholemodule;
				SWIFT_OPTIMIZATION_LEVEL = "-O";
				VALIDATE_PRODUCT = YES;
			};
			name = Release;
		};
		B01BC2EB2121648E00437F7E /* Debug */ = {
			isa = XCBuildConfiguration;
			buildSettings = {
				ASSETCATALOG_COMPILER_APPICON_NAME = AppIcon;
				CODE_SIGN_STYLE = Automatic;
				INFOPLIST_FILE = ListPoc/Info.plist;
				LD_RUNPATH_SEARCH_PATHS = (
					"$(inherited)",
					"@executable_path/Frameworks",
				);
				PRODUCT_BUNDLE_IDENTIFIER = com.demo.ListPoc;
				PRODUCT_NAME = "$(TARGET_NAME)";
				SWIFT_VERSION = 4.0;
				TARGETED_DEVICE_FAMILY = "1,2";
			};
			name = Debug;
		};
		B01BC2EC2121648E00437F7E /* Release */ = {
			isa = XCBuildConfiguration;
			buildSettings = {
				ASSETCATALOG_COMPILER_APPICON_NAME = AppIcon;
				CODE_SIGN_STYLE = Automatic;
				INFOPLIST_FILE = ListPoc/Info.plist;
				LD_RUNPATH_SEARCH_PATHS = (
					"$(inherited)",
					"@executable_path/Frameworks",
				);
				PRODUCT_BUNDLE_IDENTIFIER = com.demo.ListPoc;
				PRODUCT_NAME = "$(TARGET_NAME)";
				SWIFT_VERSION = 4.0;
				TARGETED_DEVICE_FAMILY = "1,2";
			};
			name = Release;
		};
/* End XCBuildConfiguration section */

/* Begin XCConfigurationList section */
		B01BC2D32121648C00437F7E /* Build configuration list for PBXProject "ListPoc" */ = {
			isa = XCConfigurationList;
			buildConfigurations = (
				B01BC2E82121648E00437F7E /* Debug */,
				B01BC2E92121648E00437F7E /* Release */,
			);
			defaultConfigurationIsVisible = 0;
			defaultConfigurationName = Release;
		};
		B01BC2EA2121648E00437F7E /* Build configuration list for PBXNativeTarget "ListPoc" */ = {
			isa = XCConfigurationList;
			buildConfigurations = (
				B01BC2EB2121648E00437F7E /* Debug */,
				B01BC2EC2121648E00437F7E /* Release */,
			);
			defaultConfigurationIsVisible = 0;
			defaultConfigurationName = Release;
		};
/* End XCConfigurationList section */
	};
	rootObject = B01BC2D02121648C00437F7E /* Project object */;
}
